
Microsoft Visual Studio Solution File, Format Version 12.00
# Visual Studio Version 16
VisualStudioVersion = 16.0.32002.261
MinimumVisualStudioVersion = 10.0.40219.1
Project("{FAE04EC0-301F-11D3-BF4B-00C04F79EFBC}") = "dockerTest", "dockerTest\dockerTest.csproj", "{FD4F32A9-171E-4064-8FB4-A8CA051386D6}"
EndProject
Global
	GlobalSection(SolutionConfigurationPlatforms) = preSolution
		Debug|Any CPU = Debug|Any CPU
		Release|Any CPU = Release|Any CPU
	EndGlobalSection
	GlobalSection(ProjectConfigurationPlatforms) = postSolution
		{FD4F32A9-171E-4064-8FB4-A8CA051386D6}.Debug|Any CPU.ActiveCfg = Debug|Any CPU
		{FD4F32A9-171E-4064-8FB4-A8CA051386D6}.Debug|Any CPU.Build.0 = Debug|Any CPU
		{FD4F32A9-171E-4064-8FB4-A8CA051386D6}.Release|Any CPU.ActiveCfg = Release|Any CPU
		{FD4F32A9-171E-4064-8FB4-A8CA051386D6}.Release|Any CPU.Build.0 = Release|Any CPU
	EndGlobalSection
	GlobalSection(SolutionProperties) = preSolution
		HideSolutionNode = FALSE
	EndGlobalSection
	GlobalSection(ExtensibilityGlobals) = postSolution
		SolutionGuid = {5DF7440C-3A86-4D27-A77C-0B3EF9C85122}
	EndGlobalSection
EndGlobal
